
Microsoft Visual Studio Solution File, Format Version 12.00
# Visual Studio Version 16
VisualStudioVersion = 16.0.30011.22
MinimumVisualStudioVersion = 10.0.40219.1
Project("{FAE04EC0-301F-11D3-BF4B-00C04F79EFBC}") = "BasicPayslipUnitTests", "BasicPayslipUnitTests.csproj", "{F6F41FDD-646B-4533-8EEC-57F7A16CF864}"
	ProjectSection(ProjectDependencies) = postProject
		{7CF02030-2E44-42BB-A06B-9B3DFDED423E} = {7CF02030-2E44-42BB-A06B-9B3DFDED423E}
	EndProjectSection
EndProject
Project("{FAE04EC0-301F-11D3-BF4B-00C04F79EFBC}") = "BasicPayslip", "..\BasicPayslip\BasicPayslip.csproj", "{7CF02030-2E44-42BB-A06B-9B3DFDED423E}"
EndProject
Global
	GlobalSection(SolutionConfigurationPlatforms) = preSolution
		Debug|Any CPU = Debug|Any CPU
		Release|Any CPU = Release|Any CPU
	EndGlobalSection
	GlobalSection(ProjectConfigurationPlatforms) = postSolution
		{F6F41FDD-646B-4533-8EEC-57F7A16CF864}.Debug|Any CPU.ActiveCfg = Debug|Any CPU
		{F6F41FDD-646B-4533-8EEC-57F7A16CF864}.Debug|Any CPU.Build.0 = Debug|Any CPU
		{F6F41FDD-646B-4533-8EEC-57F7A16CF864}.Release|Any CPU.ActiveCfg = Release|Any CPU
		{F6F41FDD-646B-4533-8EEC-57F7A16CF864}.Release|Any CPU.Build.0 = Release|Any CPU
		{7CF02030-2E44-42BB-A06B-9B3DFDED423E}.Debug|Any CPU.ActiveCfg = Debug|Any CPU
		{7CF02030-2E44-42BB-A06B-9B3DFDED423E}.Debug|Any CPU.Build.0 = Debug|Any CPU
		{7CF02030-2E44-42BB-A06B-9B3DFDED423E}.Release|Any CPU.ActiveCfg = Release|Any CPU
		{7CF02030-2E44-42BB-A06B-9B3DFDED423E}.Release|Any CPU.Build.0 = Release|Any CPU
	EndGlobalSection
	GlobalSection(SolutionProperties) = preSolution
		HideSolutionNode = FALSE
	EndGlobalSection
	GlobalSection(ExtensibilityGlobals) = postSolution
		SolutionGuid = {41A3949D-ECB2-4B8F-BE75-7D79AE18626C}
	EndGlobalSection
EndGlobal
